
Microsoft Visual Studio Solution File, Format Version 12.00
# Visual Studio Version 17
VisualStudioVersion = 17.11.35312.102
MinimumVisualStudioVersion = 10.0.40219.1
Project("{9A19103F-16F7-4668-BE54-9A1E7A4F7556}") = "Chuong5_Vidu1", "Chuong5_Vidu1\Chuong5_Vidu1.csproj", "{99F7C615-CB7A-4A77-8F43-BF43B21BA516}"
EndProject
Project("{9A19103F-16F7-4668-BE54-9A1E7A4F7556}") = "Chuong5_Vidu3", "Chuong5_Vidu1_White\Chuong5_Vidu3.csproj", "{DE3AFC03-7858-432B-A10E-C51257921074}"
EndProject
Project("{9A19103F-16F7-4668-BE54-9A1E7A4F7556}") = "Chuong5_Vidu2", "Chuong5_Vidu2\Chuong5_Vidu2.csproj", "{BD3C13C7-F8D6-442B-8628-1208579ABEFE}"
EndProject
Project("{9A19103F-16F7-4668-BE54-9A1E7A4F7556}") = "Chuong5_Vidu4", "Chuong5_Vidu4\Chuong5_Vidu4.csproj", "{A0B325FC-6A3C-43AF-912B-29328D6BDF7A}"
EndProject
Project("{9A19103F-16F7-4668-BE54-9A1E7A4F7556}") = "Chuong5_Vidu5", "Chuong5_Vidu5\Chuong5_Vidu5.csproj", "{0BE7865E-F352-4514-95A8-706E6D6D97C1}"
EndProject
Project("{9A19103F-16F7-4668-BE54-9A1E7A4F7556}") = "Chuong5_Vidu6", "Chuong5_Vidu6\Chuong5_Vidu6.csproj", "{24A0AB24-6817-4EF5-ADB9-004A905AE811}"
EndProject
Project("{9A19103F-16F7-4668-BE54-9A1E7A4F7556}") = "Chuong5_Vidu7", "Chuong6_Vidu7\Chuong5_Vidu7.csproj", "{0CB7CEDC-C0C6-4370-A285-EEC517C17C99}"
EndProject
Project("{9A19103F-16F7-4668-BE54-9A1E7A4F7556}") = "Chuong5_Vidu8", "Chuong5_Vidu8\Chuong5_Vidu8.csproj", "{6CA860A5-D1CD-4B2B-BC5F-2E4334E92DBB}"
EndProject
Project("{9A19103F-16F7-4668-BE54-9A1E7A4F7556}") = "Chuong5_Vidu9", "Chuong5_Vidu9\Chuong5_Vidu9.csproj", "{4868A8B2-A44A-46E9-82A1-DD1797AF781B}"
EndProject
Project("{9A19103F-16F7-4668-BE54-9A1E7A4F7556}") = "Chuong5_Vidu10", "Chuong5_Vidu10\Chuong5_Vidu10.csproj", "{1895BB70-A095-49F3-9F7E-2BFCB62DE94A}"
EndProject
Project("{9A19103F-16F7-4668-BE54-9A1E7A4F7556}") = "Chuong5_Bai1", "Chuong5_Bai1\Chuong5_Bai1.csproj", "{B9493F38-3901-449A-82C4-19B4AA9ED483}"
EndProject
Project("{9A19103F-16F7-4668-BE54-9A1E7A4F7556}") = "Chuong5_Bai2", "Chuong5_Bai2\Chuong5_Bai2.csproj", "{17C99370-396A-46A1-8303-60D85E67AA00}"
EndProject
Project("{9A19103F-16F7-4668-BE54-9A1E7A4F7556}") = "Chuong5_Bai3", "Chuong5_Bai3\Chuong5_Bai3.csproj", "{0D0DB026-A7D0-44A7-A09D-3279A10E9127}"
EndProject
Project("{9A19103F-16F7-4668-BE54-9A1E7A4F7556}") = "Chuong5_Bai4", "Chuong5_Bai4\Chuong5_Bai4.csproj", "{39473FD7-C63B-40C2-8775-1B5AF1F5F66A}"
EndProject
Project("{9A19103F-16F7-4668-BE54-9A1E7A4F7556}") = "Chuong5_Bai5", "Chuong5_Bai5\Chuong5_Bai5.csproj", "{35EB2B24-1C4B-49BF-96D3-F7F53DE240A8}"
EndProject
Project("{9A19103F-16F7-4668-BE54-9A1E7A4F7556}") = "Chuong5_Bai6", "Chuong5_Bai6\Chuong5_Bai6.csproj", "{C555A103-84E5-4A46-AD5A-71A3126192DB}"
EndProject
Project("{FAE04EC0-301F-11D3-BF4B-00C04F79EFBC}") = "Chuong5_Bai7", "Chuong5_Bai7\Chuong5_Bai7.csproj", "{8604DA6D-569F-4FAC-96FE-555FD6CE70B5}"
EndProject
Project("{FAE04EC0-301F-11D3-BF4B-00C04F79EFBC}") = "Chuong5_Bai8", "Chuong5_Bai8\Chuong5_Bai8.csproj", "{9890CB50-EE31-4BB7-9E2B-BDD66C684355}"
EndProject
Project("{FAE04EC0-301F-11D3-BF4B-00C04F79EFBC}") = "Chuong5_Bai9", "Chuong5_Bai9\Chuong5_Bai9.csproj", "{9CA0247D-B713-4EA7-83C7-047A7F7AA9BB}"
EndProject
Project("{FAE04EC0-301F-11D3-BF4B-00C04F79EFBC}") = "Chuong5_Bai10", "Chuong5_Bai10\Chuong5_Bai10.csproj", "{861B76CF-9E51-4EF7-94C6-53EC8F6832FC}"
EndProject
Project("{FAE04EC0-301F-11D3-BF4B-00C04F79EFBC}") = "Chuong5_Bai11", "Chuong5_Bai11\Chuong5_Bai11.csproj", "{A5479700-6384-4A40-B8B5-5BC3DB432DD7}"
EndProject
Project("{FAE04EC0-301F-11D3-BF4B-00C04F79EFBC}") = "Chuong5_Bai12", "Chuong5_Bai12\Chuong5_Bai12.csproj", "{6C39216A-8AB3-4617-AB98-7FAA6610182F}"
EndProject
Project("{FAE04EC0-301F-11D3-BF4B-00C04F79EFBC}") = "Chuong5_Bai13", "Chuong5_Bai13\Chuong5_Bai13.csproj", "{5954EEA1-19B3-4EF6-B871-385A9460BAC9}"
EndProject
Project("{FAE04EC0-301F-11D3-BF4B-00C04F79EFBC}") = "Chuong5_Bai15", "Chuong5_Bai15\Chuong5_Bai15.csproj", "{EE4CE851-3A80-4213-AF12-F78F4508E918}"
EndProject
Project("{FAE04EC0-301F-11D3-BF4B-00C04F79EFBC}") = "Chuong5_Bai16", "Chuong5_Bai16\Chuong5_Bai16.csproj", "{0F8B4D46-F3B8-425B-833C-55AC01034758}"
EndProject
Project("{FAE04EC0-301F-11D3-BF4B-00C04F79EFBC}") = "Chuong5_Bai17", "Chuong5_Bai117\Chuong5_Bai17.csproj", "{01E505B7-5879-482B-ABDC-1C64AAA2D7F5}"
EndProject
Global
	GlobalSection(SolutionConfigurationPlatforms) = preSolution
		Debug|Any CPU = Debug|Any CPU
		Release|Any CPU = Release|Any CPU
	EndGlobalSection
	GlobalSection(ProjectConfigurationPlatforms) = postSolution
		{99F7C615-CB7A-4A77-8F43-BF43B21BA516}.Debug|Any CPU.ActiveCfg = Debug|Any CPU
		{99F7C615-CB7A-4A77-8F43-BF43B21BA516}.Debug|Any CPU.Build.0 = Debug|Any CPU
		{99F7C615-CB7A-4A77-8F43-BF43B21BA516}.Release|Any CPU.ActiveCfg = Release|Any CPU
		{99F7C615-CB7A-4A77-8F43-BF43B21BA516}.Release|Any CPU.Build.0 = Release|Any CPU
		{DE3AFC03-7858-432B-A10E-C51257921074}.Debug|Any CPU.ActiveCfg = Debug|Any CPU
		{DE3AFC03-7858-432B-A10E-C51257921074}.Debug|Any CPU.Build.0 = Debug|Any CPU
		{DE3AFC03-7858-432B-A10E-C51257921074}.Release|Any CPU.ActiveCfg = Release|Any CPU
		{DE3AFC03-7858-432B-A10E-C51257921074}.Release|Any CPU.Build.0 = Release|Any CPU
		{BD3C13C7-F8D6-442B-8628-1208579ABEFE}.Debug|Any CPU.ActiveCfg = Debug|Any CPU
		{BD3C13C7-F8D6-442B-8628-1208579ABEFE}.Debug|Any CPU.Build.0 = Debug|Any CPU
		{BD3C13C7-F8D6-442B-8628-1208579ABEFE}.Release|Any CPU.ActiveCfg = Release|Any CPU
		{BD3C13C7-F8D6-442B-8628-1208579ABEFE}.Release|Any CPU.Build.0 = Release|Any CPU
		{A0B325FC-6A3C-43AF-912B-29328D6BDF7A}.Debug|Any CPU.ActiveCfg = Debug|Any CPU
		{A0B325FC-6A3C-43AF-912B-29328D6BDF7A}.Debug|Any CPU.Build.0 = Debug|Any CPU
		{A0B325FC-6A3C-43AF-912B-29328D6BDF7A}.Release|Any CPU.ActiveCfg = Release|Any CPU
		{A0B325FC-6A3C-43AF-912B-29328D6BDF7A}.Release|Any CPU.Build.0 = Release|Any CPU
		{0BE7865E-F352-4514-95A8-706E6D6D97C1}.Debug|Any CPU.ActiveCfg = Debug|Any CPU
		{0BE7865E-F352-4514-95A8-706E6D6D97C1}.Debug|Any CPU.Build.0 = Debug|Any CPU
		{0BE7865E-F352-4514-95A8-706E6D6D97C1}.Release|Any CPU.ActiveCfg = Release|Any CPU
		{0BE7865E-F352-4514-95A8-706E6D6D97C1}.Release|Any CPU.Build.0 = Release|Any CPU
		{24A0AB24-6817-4EF5-ADB9-004A905AE811}.Debug|Any CPU.ActiveCfg = Debug|Any CPU
		{24A0AB24-6817-4EF5-ADB9-004A905AE811}.Debug|Any CPU.Build.0 = Debug|Any CPU
		{24A0AB24-6817-4EF5-ADB9-004A905AE811}.Release|Any CPU.ActiveCfg = Release|Any CPU
		{24A0AB24-6817-4EF5-ADB9-004A905AE811}.Release|Any CPU.Build.0 = Release|Any CPU
		{0CB7CEDC-C0C6-4370-A285-EEC517C17C99}.Debug|Any CPU.ActiveCfg = Debug|Any CPU
		{0CB7CEDC-C0C6-4370-A285-EEC517C17C99}.Debug|Any CPU.Build.0 = Debug|Any CPU
		{0CB7CEDC-C0C6-4370-A285-EEC517C17C99}.Release|Any CPU.ActiveCfg = Release|Any CPU
		{0CB7CEDC-C0C6-4370-A285-EEC517C17C99}.Release|Any CPU.Build.0 = Release|Any CPU
		{6CA860A5-D1CD-4B2B-BC5F-2E4334E92DBB}.Debug|Any CPU.ActiveCfg = Debug|Any CPU
		{6CA860A5-D1CD-4B2B-BC5F-2E4334E92DBB}.Debug|Any CPU.Build.0 = Debug|Any CPU
		{6CA860A5-D1CD-4B2B-BC5F-2E4334E92DBB}.Release|Any CPU.ActiveCfg = Release|Any CPU
		{6CA860A5-D1CD-4B2B-BC5F-2E4334E92DBB}.Release|Any CPU.Build.0 = Release|Any CPU
		{4868A8B2-A44A-46E9-82A1-DD1797AF781B}.Debug|Any CPU.ActiveCfg = Debug|Any CPU
		{4868A8B2-A44A-46E9-82A1-DD1797AF781B}.Debug|Any CPU.Build.0 = Debug|Any CPU
		{4868A8B2-A44A-46E9-82A1-DD1797AF781B}.Release|Any CPU.ActiveCfg = Release|Any CPU
		{4868A8B2-A44A-46E9-82A1-DD1797AF781B}.Release|Any CPU.Build.0 = Release|Any CPU
		{1895BB70-A095-49F3-9F7E-2BFCB62DE94A}.Debug|Any CPU.ActiveCfg = Debug|Any CPU
		{1895BB70-A095-49F3-9F7E-2BFCB62DE94A}.Debug|Any CPU.Build.0 = Debug|Any CPU
		{1895BB70-A095-49F3-9F7E-2BFCB62DE94A}.Release|Any CPU.ActiveCfg = Release|Any CPU
		{1895BB70-A095-49F3-9F7E-2BFCB62DE94A}.Release|Any CPU.Build.0 = Release|Any CPU
		{B9493F38-3901-449A-82C4-19B4AA9ED483}.Debug|Any CPU.ActiveCfg = Debug|Any CPU
		{B9493F38-3901-449A-82C4-19B4AA9ED483}.Debug|Any CPU.Build.0 = Debug|Any CPU
		{B9493F38-3901-449A-82C4-19B4AA9ED483}.Release|Any CPU.ActiveCfg = Release|Any CPU
		{B9493F38-3901-449A-82C4-19B4AA9ED483}.Release|Any CPU.Build.0 = Release|Any CPU
		{17C99370-396A-46A1-8303-60D85E67AA00}.Debug|Any CPU.ActiveCfg = Debug|Any CPU
		{17C99370-396A-46A1-8303-60D85E67AA00}.Debug|Any CPU.Build.0 = Debug|Any CPU
		{17C99370-396A-46A1-8303-60D85E67AA00}.Release|Any CPU.ActiveCfg = Release|Any CPU
		{17C99370-396A-46A1-8303-60D85E67AA00}.Release|Any CPU.Build.0 = Release|Any CPU
		{0D0DB026-A7D0-44A7-A09D-3279A10E9127}.Debug|Any CPU.ActiveCfg = Debug|Any CPU
		{0D0DB026-A7D0-44A7-A09D-3279A10E9127}.Debug|Any CPU.Build.0 = Debug|Any CPU
		{0D0DB026-A7D0-44A7-A09D-3279A10E9127}.Release|Any CPU.ActiveCfg = Release|Any CPU
		{0D0DB026-A7D0-44A7-A09D-3279A10E9127}.Release|Any CPU.Build.0 = Release|Any CPU
		{39473FD7-C63B-40C2-8775-1B5AF1F5F66A}.Debug|Any CPU.ActiveCfg = Debug|Any CPU
		{39473FD7-C63B-40C2-8775-1B5AF1F5F66A}.Debug|Any CPU.Build.0 = Debug|Any CPU
		{39473FD7-C63B-40C2-8775-1B5AF1F5F66A}.Release|Any CPU.ActiveCfg = Release|Any CPU
		{39473FD7-C63B-40C2-8775-1B5AF1F5F66A}.Release|Any CPU.Build.0 = Release|Any CPU
		{35EB2B24-1C4B-49BF-96D3-F7F53DE240A8}.Debug|Any CPU.ActiveCfg = Debug|Any CPU
		{35EB2B24-1C4B-49BF-96D3-F7F53DE240A8}.Debug|Any CPU.Build.0 = Debug|Any CPU
		{35EB2B24-1C4B-49BF-96D3-F7F53DE240A8}.Release|Any CPU.ActiveCfg = Release|Any CPU
		{35EB2B24-1C4B-49BF-96D3-F7F53DE240A8}.Release|Any CPU.Build.0 = Release|Any CPU
		{C555A103-84E5-4A46-AD5A-71A3126192DB}.Debug|Any CPU.ActiveCfg = Debug|Any CPU
		{C555A103-84E5-4A46-AD5A-71A3126192DB}.Debug|Any CPU.Build.0 = Debug|Any CPU
		{C555A103-84E5-4A46-AD5A-71A3126192DB}.Release|Any CPU.ActiveCfg = Release|Any CPU
		{C555A103-84E5-4A46-AD5A-71A3126192DB}.Release|Any CPU.Build.0 = Release|Any CPU
		{8604DA6D-569F-4FAC-96FE-555FD6CE70B5}.Debug|Any CPU.ActiveCfg = Debug|Any CPU
		{8604DA6D-569F-4FAC-96FE-555FD6CE70B5}.Debug|Any CPU.Build.0 = Debug|Any CPU
		{8604DA6D-569F-4FAC-96FE-555FD6CE70B5}.Release|Any CPU.ActiveCfg = Release|Any CPU
		{8604DA6D-569F-4FAC-96FE-555FD6CE70B5}.Release|Any CPU.Build.0 = Release|Any CPU
		{9890CB50-EE31-4BB7-9E2B-BDD66C684355}.Debug|Any CPU.ActiveCfg = Debug|Any CPU
		{9890CB50-EE31-4BB7-9E2B-BDD66C684355}.Debug|Any CPU.Build.0 = Debug|Any CPU
		{9890CB50-EE31-4BB7-9E2B-BDD66C684355}.Release|Any CPU.ActiveCfg = Release|Any CPU
		{9890CB50-EE31-4BB7-9E2B-BDD66C684355}.Release|Any CPU.Build.0 = Release|Any CPU
		{9CA0247D-B713-4EA7-83C7-047A7F7AA9BB}.Debug|Any CPU.ActiveCfg = Debug|Any CPU
		{9CA0247D-B713-4EA7-83C7-047A7F7AA9BB}.Debug|Any CPU.Build.0 = Debug|Any CPU
		{9CA0247D-B713-4EA7-83C7-047A7F7AA9BB}.Release|Any CPU.ActiveCfg = Release|Any CPU
		{9CA0247D-B713-4EA7-83C7-047A7F7AA9BB}.Release|Any CPU.Build.0 = Release|Any CPU
		{861B76CF-9E51-4EF7-94C6-53EC8F6832FC}.Debug|Any CPU.ActiveCfg = Debug|Any CPU
		{861B76CF-9E51-4EF7-94C6-53EC8F6832FC}.Debug|Any CPU.Build.0 = Debug|Any CPU
		{861B76CF-9E51-4EF7-94C6-53EC8F6832FC}.Release|Any CPU.ActiveCfg = Release|Any CPU
		{861B76CF-9E51-4EF7-94C6-53EC8F6832FC}.Release|Any CPU.Build.0 = Release|Any CPU
		{A5479700-6384-4A40-B8B5-5BC3DB432DD7}.Debug|Any CPU.ActiveCfg = Debug|Any CPU
		{A5479700-6384-4A40-B8B5-5BC3DB432DD7}.Debug|Any CPU.Build.0 = Debug|Any CPU
		{A5479700-6384-4A40-B8B5-5BC3DB432DD7}.Release|Any CPU.ActiveCfg = Release|Any CPU
		{A5479700-6384-4A40-B8B5-5BC3DB432DD7}.Release|Any CPU.Build.0 = Release|Any CPU
		{6C39216A-8AB3-4617-AB98-7FAA6610182F}.Debug|Any CPU.ActiveCfg = Debug|Any CPU
		{6C39216A-8AB3-4617-AB98-7FAA6610182F}.Debug|Any CPU.Build.0 = Debug|Any CPU
		{6C39216A-8AB3-4617-AB98-7FAA6610182F}.Release|Any CPU.ActiveCfg = Release|Any CPU
		{6C39216A-8AB3-4617-AB98-7FAA6610182F}.Release|Any CPU.Build.0 = Release|Any CPU
		{5954EEA1-19B3-4EF6-B871-385A9460BAC9}.Debug|Any CPU.ActiveCfg = Debug|Any CPU
		{5954EEA1-19B3-4EF6-B871-385A9460BAC9}.Debug|Any CPU.Build.0 = Debug|Any CPU
		{5954EEA1-19B3-4EF6-B871-385A9460BAC9}.Release|Any CPU.ActiveCfg = Release|Any CPU
		{5954EEA1-19B3-4EF6-B871-385A9460BAC9}.Release|Any CPU.Build.0 = Release|Any CPU
		{EE4CE851-3A80-4213-AF12-F78F4508E918}.Debug|Any CPU.ActiveCfg = Debug|Any CPU
		{EE4CE851-3A80-4213-AF12-F78F4508E918}.Debug|Any CPU.Build.0 = Debug|Any CPU
		{EE4CE851-3A80-4213-AF12-F78F4508E918}.Release|Any CPU.ActiveCfg = Release|Any CPU
		{EE4CE851-3A80-4213-AF12-F78F4508E918}.Release|Any CPU.Build.0 = Release|Any CPU
		{0F8B4D46-F3B8-425B-833C-55AC01034758}.Debug|Any CPU.ActiveCfg = Debug|Any CPU
		{0F8B4D46-F3B8-425B-833C-55AC01034758}.Debug|Any CPU.Build.0 = Debug|Any CPU
		{0F8B4D46-F3B8-425B-833C-55AC01034758}.Release|Any CPU.ActiveCfg = Release|Any CPU
		{0F8B4D46-F3B8-425B-833C-55AC01034758}.Release|Any CPU.Build.0 = Release|Any CPU
		{01E505B7-5879-482B-ABDC-1C64AAA2D7F5}.Debug|Any CPU.ActiveCfg = Debug|Any CPU
		{01E505B7-5879-482B-ABDC-1C64AAA2D7F5}.Debug|Any CPU.Build.0 = Debug|Any CPU
		{01E505B7-5879-482B-ABDC-1C64AAA2D7F5}.Release|Any CPU.ActiveCfg = Release|Any CPU
		{01E505B7-5879-482B-ABDC-1C64AAA2D7F5}.Release|Any CPU.Build.0 = Release|Any CPU
	EndGlobalSection
	GlobalSection(SolutionProperties) = preSolution
		HideSolutionNode = FALSE
	EndGlobalSection
	GlobalSection(ExtensibilityGlobals) = postSolution
		SolutionGuid = {7D1F75FD-1CD2-45EE-81E4-7364CDC7F5EE}
	EndGlobalSection
EndGlobal
